
Microsoft Visual Studio Solution File, Format Version 12.00
# Visual Studio Version 16
VisualStudioVersion = 16.0.29409.12
MinimumVisualStudioVersion = 10.0.40219.1
Project("{FAE04EC0-301F-11D3-BF4B-00C04F79EFBC}") = "StrategyPattern", "StrategyPattern\StrategyPattern.csproj", "{227FE267-7033-41C7-8AE7-6714E50E6ED3}"
EndProject
Global
	GlobalSection(SolutionConfigurationPlatforms) = preSolution
		Debug|Any CPU = Debug|Any CPU
		Release|Any CPU = Release|Any CPU
	EndGlobalSection
	GlobalSection(ProjectConfigurationPlatforms) = postSolution
		{227FE267-7033-41C7-8AE7-6714E50E6ED3}.Debug|Any CPU.ActiveCfg = Debug|Any CPU
		{227FE267-7033-41C7-8AE7-6714E50E6ED3}.Debug|Any CPU.Build.0 = Debug|Any CPU
		{227FE267-7033-41C7-8AE7-6714E50E6ED3}.Release|Any CPU.ActiveCfg = Release|Any CPU
		{227FE267-7033-41C7-8AE7-6714E50E6ED3}.Release|Any CPU.Build.0 = Release|Any CPU
	EndGlobalSection
	GlobalSection(SolutionProperties) = preSolution
		HideSolutionNode = FALSE
	EndGlobalSection
	GlobalSection(ExtensibilityGlobals) = postSolution
		SolutionGuid = {F3849BDA-E4EF-4E61-B435-F29983AEB1AE}
	EndGlobalSection
EndGlobal
